
Microsoft Visual Studio Solution File, Format Version 12.00
# Visual Studio Version 16
VisualStudioVersion = 16.0.29519.87
MinimumVisualStudioVersion = 10.0.40219.1
Project("{FAE04EC0-301F-11D3-BF4B-00C04F79EFBC}") = "ConsoleTest", "ConsoleTest\ConsoleTest.csproj", "{6C014FE8-A5C9-4519-BF62-32A480D345D7}"
EndProject
Project("{9A19103F-16F7-4668-BE54-9A1E7A4F7556}") = "Inzynierka-Core", "Inzynierka-Core\Inzynierka-Core.csproj", "{CCF9E09F-7334-4D6A-B48E-80714689507D}"
EndProject
Project("{9A19103F-16F7-4668-BE54-9A1E7A4F7556}") = "ApiServer-Example", "ApiServer-Example\ApiServer-Example.csproj", "{DDCA0F92-20B4-48DB-AA93-4CD3223B9F65}"
EndProject
Project("{FAE04EC0-301F-11D3-BF4B-00C04F79EFBC}") = "Inzynierka-Core-Test", "Inzynierka-Core-Test\Inzynierka-Core-Test.csproj", "{9A48EBF0-1F34-4520-937B-5DC43DC97B48}"
EndProject
Project("{FAE04EC0-301F-11D3-BF4B-00C04F79EFBC}") = "DesktopApp-Example", "DesktopApp-Example\DesktopApp-Example.csproj", "{C4DAF8BF-9A9B-4744-96B3-FE7814A97D2F}"
EndProject
Global
	GlobalSection(SolutionConfigurationPlatforms) = preSolution
		Debug|Any CPU = Debug|Any CPU
		Release|Any CPU = Release|Any CPU
	EndGlobalSection
	GlobalSection(ProjectConfigurationPlatforms) = postSolution
		{6C014FE8-A5C9-4519-BF62-32A480D345D7}.Debug|Any CPU.ActiveCfg = Debug|Any CPU
		{6C014FE8-A5C9-4519-BF62-32A480D345D7}.Debug|Any CPU.Build.0 = Debug|Any CPU
		{6C014FE8-A5C9-4519-BF62-32A480D345D7}.Release|Any CPU.ActiveCfg = Release|Any CPU
		{6C014FE8-A5C9-4519-BF62-32A480D345D7}.Release|Any CPU.Build.0 = Release|Any CPU
		{CCF9E09F-7334-4D6A-B48E-80714689507D}.Debug|Any CPU.ActiveCfg = Debug|Any CPU
		{CCF9E09F-7334-4D6A-B48E-80714689507D}.Debug|Any CPU.Build.0 = Debug|Any CPU
		{CCF9E09F-7334-4D6A-B48E-80714689507D}.Release|Any CPU.ActiveCfg = Release|Any CPU
		{CCF9E09F-7334-4D6A-B48E-80714689507D}.Release|Any CPU.Build.0 = Release|Any CPU
		{DDCA0F92-20B4-48DB-AA93-4CD3223B9F65}.Debug|Any CPU.ActiveCfg = Debug|Any CPU
		{DDCA0F92-20B4-48DB-AA93-4CD3223B9F65}.Debug|Any CPU.Build.0 = Debug|Any CPU
		{DDCA0F92-20B4-48DB-AA93-4CD3223B9F65}.Release|Any CPU.ActiveCfg = Release|Any CPU
		{DDCA0F92-20B4-48DB-AA93-4CD3223B9F65}.Release|Any CPU.Build.0 = Release|Any CPU
		{9A48EBF0-1F34-4520-937B-5DC43DC97B48}.Debug|Any CPU.ActiveCfg = Debug|Any CPU
		{9A48EBF0-1F34-4520-937B-5DC43DC97B48}.Debug|Any CPU.Build.0 = Debug|Any CPU
		{9A48EBF0-1F34-4520-937B-5DC43DC97B48}.Release|Any CPU.ActiveCfg = Release|Any CPU
		{9A48EBF0-1F34-4520-937B-5DC43DC97B48}.Release|Any CPU.Build.0 = Release|Any CPU
		{C4DAF8BF-9A9B-4744-96B3-FE7814A97D2F}.Debug|Any CPU.ActiveCfg = Debug|Any CPU
		{C4DAF8BF-9A9B-4744-96B3-FE7814A97D2F}.Debug|Any CPU.Build.0 = Debug|Any CPU
		{C4DAF8BF-9A9B-4744-96B3-FE7814A97D2F}.Release|Any CPU.ActiveCfg = Release|Any CPU
		{C4DAF8BF-9A9B-4744-96B3-FE7814A97D2F}.Release|Any CPU.Build.0 = Release|Any CPU
	EndGlobalSection
	GlobalSection(SolutionProperties) = preSolution
		HideSolutionNode = FALSE
	EndGlobalSection
	GlobalSection(ExtensibilityGlobals) = postSolution
		SolutionGuid = {56A55D28-81F2-479D-8C67-EDB5F9EBBD6E}
	EndGlobalSection
EndGlobal
